{
  "name": "datalab-frontend",
  "requires": true,
  "lockfileVersion": 1,
  "dependencies": {
    "@types/chai": {
      "version": "https://registry.npmjs.org/@types/chai/-/chai-4.0.2.tgz",
      "integrity": "sha1-zOlmb17i+if/1QXS369TuwLtJYQ=",
      "dev": true
    },
    "@types/codemirror": {
      "version": "https://registry.npmjs.org/@types/codemirror/-/codemirror-0.0.42.tgz",
      "integrity": "sha1-9FTKbgPBApW9u7op3YbIeetdDJ4=",
      "dev": true
    },
    "@types/mocha": {
      "version": "https://registry.npmjs.org/@types/mocha/-/mocha-2.2.41.tgz",
      "integrity": "sha1-4nzwgXFT658nE7LT9saPHhw8pgg=",
      "dev": true
    }
  }
}
